
Microsoft Visual Studio Solution File, Format Version 12.00
# Visual Studio Version 17
VisualStudioVersion = 17.1.32210.238
MinimumVisualStudioVersion = 10.0.40219.1
Project("{9A19103F-16F7-4668-BE54-9A1E7A4F7556}") = "ArkMultiSave", "ArkMultiSave\ArkMultiSave.csproj", "{0F932438-AC7A-4FA7-984C-6DBE50B920AB}"
EndProject
Project("{2150E333-8FDC-42A3-9474-1A3956D46DE8}") = "MemorySignal", "MemorySignal", "{D89C07FA-5E53-419B-848F-90DAE2F169EF}"
EndProject
Project("{9A19103F-16F7-4668-BE54-9A1E7A4F7556}") = "MemorySignal.Core", "MemorySignal\MemorySignal.Core\MemorySignal.Core.csproj", "{53868115-A8CF-4306-8A04-6C57BA93E1A5}"
EndProject
Project("{9A19103F-16F7-4668-BE54-9A1E7A4F7556}") = "MemorySignal.Tests", "MemorySignal\MemorySignal.Tests\MemorySignal.Tests.csproj", "{243FE9BC-E114-494A-83BA-F935E51E3BE2}"
EndProject
Project("{9A19103F-16F7-4668-BE54-9A1E7A4F7556}") = "MemorySignal.Admin", "MemorySignal\MemorySignal.Admin\MemorySignal.Admin.csproj", "{E8284A56-122A-4308-9550-E6FC400A255B}"
EndProject
Project("{FAE04EC0-301F-11D3-BF4B-00C04F79EFBC}") = "MemorySignal.Shared", "MemorySignal\MemorySignal.Shared\MemorySignal.Shared.csproj", "{38B01AF1-828E-456A-B2F4-C0EC49A80E04}"
EndProject
Project("{FAE04EC0-301F-11D3-BF4B-00C04F79EFBC}") = "MemorySignal.Server", "MemorySignal\MemorySignal.Server\MemorySignal.Server.csproj", "{AB47BB46-4881-4B2A-87FE-B2233EA0422A}"
EndProject
Project("{FAE04EC0-301F-11D3-BF4B-00C04F79EFBC}") = "MemorySignal.Client", "MemorySignal\MemorySignal.Client\MemorySignal.Client.csproj", "{CEBB7507-C227-466A-B769-F4A56329829A}"
EndProject
Global
	GlobalSection(SolutionConfigurationPlatforms) = preSolution
		Debug|Any CPU = Debug|Any CPU
		Release|Any CPU = Release|Any CPU
	EndGlobalSection
	GlobalSection(ProjectConfigurationPlatforms) = postSolution
		{0F932438-AC7A-4FA7-984C-6DBE50B920AB}.Debug|Any CPU.ActiveCfg = Debug|Any CPU
		{0F932438-AC7A-4FA7-984C-6DBE50B920AB}.Debug|Any CPU.Build.0 = Debug|Any CPU
		{0F932438-AC7A-4FA7-984C-6DBE50B920AB}.Release|Any CPU.ActiveCfg = Release|Any CPU
		{0F932438-AC7A-4FA7-984C-6DBE50B920AB}.Release|Any CPU.Build.0 = Release|Any CPU
		{53868115-A8CF-4306-8A04-6C57BA93E1A5}.Debug|Any CPU.ActiveCfg = Debug|Any CPU
		{53868115-A8CF-4306-8A04-6C57BA93E1A5}.Debug|Any CPU.Build.0 = Debug|Any CPU
		{53868115-A8CF-4306-8A04-6C57BA93E1A5}.Release|Any CPU.ActiveCfg = Release|Any CPU
		{53868115-A8CF-4306-8A04-6C57BA93E1A5}.Release|Any CPU.Build.0 = Release|Any CPU
		{243FE9BC-E114-494A-83BA-F935E51E3BE2}.Debug|Any CPU.ActiveCfg = Debug|Any CPU
		{243FE9BC-E114-494A-83BA-F935E51E3BE2}.Debug|Any CPU.Build.0 = Debug|Any CPU
		{243FE9BC-E114-494A-83BA-F935E51E3BE2}.Release|Any CPU.ActiveCfg = Release|Any CPU
		{243FE9BC-E114-494A-83BA-F935E51E3BE2}.Release|Any CPU.Build.0 = Release|Any CPU
		{E8284A56-122A-4308-9550-E6FC400A255B}.Debug|Any CPU.ActiveCfg = Debug|Any CPU
		{E8284A56-122A-4308-9550-E6FC400A255B}.Debug|Any CPU.Build.0 = Debug|Any CPU
		{E8284A56-122A-4308-9550-E6FC400A255B}.Release|Any CPU.ActiveCfg = Release|Any CPU
		{E8284A56-122A-4308-9550-E6FC400A255B}.Release|Any CPU.Build.0 = Release|Any CPU
		{38B01AF1-828E-456A-B2F4-C0EC49A80E04}.Debug|Any CPU.ActiveCfg = Debug|Any CPU
		{38B01AF1-828E-456A-B2F4-C0EC49A80E04}.Debug|Any CPU.Build.0 = Debug|Any CPU
		{38B01AF1-828E-456A-B2F4-C0EC49A80E04}.Release|Any CPU.ActiveCfg = Release|Any CPU
		{38B01AF1-828E-456A-B2F4-C0EC49A80E04}.Release|Any CPU.Build.0 = Release|Any CPU
		{AB47BB46-4881-4B2A-87FE-B2233EA0422A}.Debug|Any CPU.ActiveCfg = Debug|Any CPU
		{AB47BB46-4881-4B2A-87FE-B2233EA0422A}.Debug|Any CPU.Build.0 = Debug|Any CPU
		{AB47BB46-4881-4B2A-87FE-B2233EA0422A}.Release|Any CPU.ActiveCfg = Release|Any CPU
		{AB47BB46-4881-4B2A-87FE-B2233EA0422A}.Release|Any CPU.Build.0 = Release|Any CPU
		{CEBB7507-C227-466A-B769-F4A56329829A}.Debug|Any CPU.ActiveCfg = Debug|Any CPU
		{CEBB7507-C227-466A-B769-F4A56329829A}.Debug|Any CPU.Build.0 = Debug|Any CPU
		{CEBB7507-C227-466A-B769-F4A56329829A}.Release|Any CPU.ActiveCfg = Release|Any CPU
		{CEBB7507-C227-466A-B769-F4A56329829A}.Release|Any CPU.Build.0 = Release|Any CPU
	EndGlobalSection
	GlobalSection(SolutionProperties) = preSolution
		HideSolutionNode = FALSE
	EndGlobalSection
	GlobalSection(NestedProjects) = preSolution
		{53868115-A8CF-4306-8A04-6C57BA93E1A5} = {D89C07FA-5E53-419B-848F-90DAE2F169EF}
		{243FE9BC-E114-494A-83BA-F935E51E3BE2} = {D89C07FA-5E53-419B-848F-90DAE2F169EF}
		{E8284A56-122A-4308-9550-E6FC400A255B} = {D89C07FA-5E53-419B-848F-90DAE2F169EF}
		{38B01AF1-828E-456A-B2F4-C0EC49A80E04} = {D89C07FA-5E53-419B-848F-90DAE2F169EF}
		{AB47BB46-4881-4B2A-87FE-B2233EA0422A} = {D89C07FA-5E53-419B-848F-90DAE2F169EF}
		{CEBB7507-C227-466A-B769-F4A56329829A} = {D89C07FA-5E53-419B-848F-90DAE2F169EF}
	EndGlobalSection
	GlobalSection(ExtensibilityGlobals) = postSolution
		SolutionGuid = {DE2C6931-AE47-4769-B6F6-93060173A1DE}
	EndGlobalSection
EndGlobal
